
Microsoft Visual Studio Solution File, Format Version 12.00
# Visual Studio 14
VisualStudioVersion = 14.0.22823.1
MinimumVisualStudioVersion = 10.0.40219.1
Project("{FAE04EC0-301F-11D3-BF4B-00C04F79EFBC}") = "IoTCoreSensors", "IoTCoreSensors\IoTCoreSensors.csproj", "{50BBC02B-BC55-47B9-BBFF-FF020E03580A}"
EndProject
Project("{FAE04EC0-301F-11D3-BF4B-00C04F79EFBC}") = "Pi2ToEventHubs", "Pi2ToEventHubs\Pi2ToEventHubs.csproj", "{BB787479-2168-428C-823F-1DEE8DB3EC1D}"
EndProject
Project("{FAE04EC0-301F-11D3-BF4B-00C04F79EFBC}") = "AzureSBLite.WinRT", "..\azuresblite\AzureSBLite\WinRT\AzureSBLite.WinRT.csproj", "{BF8AE4D9-1257-43FB-A58D-8E9BB6DE099B}"
EndProject
Project("{FAE04EC0-301F-11D3-BF4B-00C04F79EFBC}") = "IoTClient", "IoTClient\IoTClient.csproj", "{508046F6-68B4-40C8-ACDE-6D34EF0B571A}"
EndProject
Project("{FAE04EC0-301F-11D3-BF4B-00C04F79EFBC}") = "Pi2EventHubProcessor", "Pi2EventHubProcessor\Pi2EventHubProcessor.csproj", "{BA05F924-F6B6-42C7-8F07-66E3FD47BA3B}"
EndProject
Project("{FAE04EC0-301F-11D3-BF4B-00C04F79EFBC}") = "Pi2ToEventHubsBackTask", "Pi2ToEventHubsBackTask\Pi2ToEventHubsBackTask.csproj", "{06DA4703-E71F-496E-804F-AA196885D5B0}"
EndProject
Global
	GlobalSection(SolutionConfigurationPlatforms) = preSolution
		Debug|Any CPU = Debug|Any CPU
		Debug|ARM = Debug|ARM
		Debug|x64 = Debug|x64
		Debug|x86 = Debug|x86
		Release|Any CPU = Release|Any CPU
		Release|ARM = Release|ARM
		Release|x64 = Release|x64
		Release|x86 = Release|x86
	EndGlobalSection
	GlobalSection(ProjectConfigurationPlatforms) = postSolution
		{50BBC02B-BC55-47B9-BBFF-FF020E03580A}.Debug|Any CPU.ActiveCfg = Debug|Any CPU
		{50BBC02B-BC55-47B9-BBFF-FF020E03580A}.Debug|Any CPU.Build.0 = Debug|Any CPU
		{50BBC02B-BC55-47B9-BBFF-FF020E03580A}.Debug|ARM.ActiveCfg = Debug|ARM
		{50BBC02B-BC55-47B9-BBFF-FF020E03580A}.Debug|ARM.Build.0 = Debug|ARM
		{50BBC02B-BC55-47B9-BBFF-FF020E03580A}.Debug|x64.ActiveCfg = Debug|x64
		{50BBC02B-BC55-47B9-BBFF-FF020E03580A}.Debug|x64.Build.0 = Debug|x64
		{50BBC02B-BC55-47B9-BBFF-FF020E03580A}.Debug|x86.ActiveCfg = Debug|x86
		{50BBC02B-BC55-47B9-BBFF-FF020E03580A}.Debug|x86.Build.0 = Debug|x86
		{50BBC02B-BC55-47B9-BBFF-FF020E03580A}.Release|Any CPU.ActiveCfg = Release|Any CPU
		{50BBC02B-BC55-47B9-BBFF-FF020E03580A}.Release|Any CPU.Build.0 = Release|Any CPU
		{50BBC02B-BC55-47B9-BBFF-FF020E03580A}.Release|ARM.ActiveCfg = Release|ARM
		{50BBC02B-BC55-47B9-BBFF-FF020E03580A}.Release|ARM.Build.0 = Release|ARM
		{50BBC02B-BC55-47B9-BBFF-FF020E03580A}.Release|x64.ActiveCfg = Release|x64
		{50BBC02B-BC55-47B9-BBFF-FF020E03580A}.Release|x64.Build.0 = Release|x64
		{50BBC02B-BC55-47B9-BBFF-FF020E03580A}.Release|x86.ActiveCfg = Release|x86
		{50BBC02B-BC55-47B9-BBFF-FF020E03580A}.Release|x86.Build.0 = Release|x86
		{BB787479-2168-428C-823F-1DEE8DB3EC1D}.Debug|Any CPU.ActiveCfg = Debug|x86
		{BB787479-2168-428C-823F-1DEE8DB3EC1D}.Debug|ARM.ActiveCfg = Debug|ARM
		{BB787479-2168-428C-823F-1DEE8DB3EC1D}.Debug|ARM.Build.0 = Debug|ARM
		{BB787479-2168-428C-823F-1DEE8DB3EC1D}.Debug|ARM.Deploy.0 = Debug|ARM
		{BB787479-2168-428C-823F-1DEE8DB3EC1D}.Debug|x64.ActiveCfg = Debug|x64
		{BB787479-2168-428C-823F-1DEE8DB3EC1D}.Debug|x64.Build.0 = Debug|x64
		{BB787479-2168-428C-823F-1DEE8DB3EC1D}.Debug|x64.Deploy.0 = Debug|x64
		{BB787479-2168-428C-823F-1DEE8DB3EC1D}.Debug|x86.ActiveCfg = Debug|x86
		{BB787479-2168-428C-823F-1DEE8DB3EC1D}.Debug|x86.Build.0 = Debug|x86
		{BB787479-2168-428C-823F-1DEE8DB3EC1D}.Debug|x86.Deploy.0 = Debug|x86
		{BB787479-2168-428C-823F-1DEE8DB3EC1D}.Release|Any CPU.ActiveCfg = Release|x86
		{BB787479-2168-428C-823F-1DEE8DB3EC1D}.Release|ARM.ActiveCfg = Release|ARM
		{BB787479-2168-428C-823F-1DEE8DB3EC1D}.Release|ARM.Build.0 = Release|ARM
		{BB787479-2168-428C-823F-1DEE8DB3EC1D}.Release|ARM.Deploy.0 = Release|ARM
		{BB787479-2168-428C-823F-1DEE8DB3EC1D}.Release|x64.ActiveCfg = Release|x64
		{BB787479-2168-428C-823F-1DEE8DB3EC1D}.Release|x64.Build.0 = Release|x64
		{BB787479-2168-428C-823F-1DEE8DB3EC1D}.Release|x64.Deploy.0 = Release|x64
		{BB787479-2168-428C-823F-1DEE8DB3EC1D}.Release|x86.ActiveCfg = Release|x86
		{BB787479-2168-428C-823F-1DEE8DB3EC1D}.Release|x86.Build.0 = Release|x86
		{BB787479-2168-428C-823F-1DEE8DB3EC1D}.Release|x86.Deploy.0 = Release|x86
		{BF8AE4D9-1257-43FB-A58D-8E9BB6DE099B}.Debug|Any CPU.ActiveCfg = Debug|Any CPU
		{BF8AE4D9-1257-43FB-A58D-8E9BB6DE099B}.Debug|Any CPU.Build.0 = Debug|Any CPU
		{BF8AE4D9-1257-43FB-A58D-8E9BB6DE099B}.Debug|ARM.ActiveCfg = Debug|ARM
		{BF8AE4D9-1257-43FB-A58D-8E9BB6DE099B}.Debug|ARM.Build.0 = Debug|ARM
		{BF8AE4D9-1257-43FB-A58D-8E9BB6DE099B}.Debug|x64.ActiveCfg = Debug|x64
		{BF8AE4D9-1257-43FB-A58D-8E9BB6DE099B}.Debug|x64.Build.0 = Debug|x64
		{BF8AE4D9-1257-43FB-A58D-8E9BB6DE099B}.Debug|x86.ActiveCfg = Debug|x86
		{BF8AE4D9-1257-43FB-A58D-8E9BB6DE099B}.Debug|x86.Build.0 = Debug|x86
		{BF8AE4D9-1257-43FB-A58D-8E9BB6DE099B}.Release|Any CPU.ActiveCfg = Release|Any CPU
		{BF8AE4D9-1257-43FB-A58D-8E9BB6DE099B}.Release|Any CPU.Build.0 = Release|Any CPU
		{BF8AE4D9-1257-43FB-A58D-8E9BB6DE099B}.Release|ARM.ActiveCfg = Release|ARM
		{BF8AE4D9-1257-43FB-A58D-8E9BB6DE099B}.Release|ARM.Build.0 = Release|ARM
		{BF8AE4D9-1257-43FB-A58D-8E9BB6DE099B}.Release|x64.ActiveCfg = Release|x64
		{BF8AE4D9-1257-43FB-A58D-8E9BB6DE099B}.Release|x64.Build.0 = Release|x64
		{BF8AE4D9-1257-43FB-A58D-8E9BB6DE099B}.Release|x86.ActiveCfg = Release|x86
		{BF8AE4D9-1257-43FB-A58D-8E9BB6DE099B}.Release|x86.Build.0 = Release|x86
		{508046F6-68B4-40C8-ACDE-6D34EF0B571A}.Debug|Any CPU.ActiveCfg = Debug|Any CPU
		{508046F6-68B4-40C8-ACDE-6D34EF0B571A}.Debug|Any CPU.Build.0 = Debug|Any CPU
		{508046F6-68B4-40C8-ACDE-6D34EF0B571A}.Debug|ARM.ActiveCfg = Debug|ARM
		{508046F6-68B4-40C8-ACDE-6D34EF0B571A}.Debug|ARM.Build.0 = Debug|ARM
		{508046F6-68B4-40C8-ACDE-6D34EF0B571A}.Debug|x64.ActiveCfg = Debug|x64
		{508046F6-68B4-40C8-ACDE-6D34EF0B571A}.Debug|x64.Build.0 = Debug|x64
		{508046F6-68B4-40C8-ACDE-6D34EF0B571A}.Debug|x86.ActiveCfg = Debug|x86
		{508046F6-68B4-40C8-ACDE-6D34EF0B571A}.Debug|x86.Build.0 = Debug|x86
		{508046F6-68B4-40C8-ACDE-6D34EF0B571A}.Release|Any CPU.ActiveCfg = Release|Any CPU
		{508046F6-68B4-40C8-ACDE-6D34EF0B571A}.Release|Any CPU.Build.0 = Release|Any CPU
		{508046F6-68B4-40C8-ACDE-6D34EF0B571A}.Release|ARM.ActiveCfg = Release|ARM
		{508046F6-68B4-40C8-ACDE-6D34EF0B571A}.Release|ARM.Build.0 = Release|ARM
		{508046F6-68B4-40C8-ACDE-6D34EF0B571A}.Release|x64.ActiveCfg = Release|x64
		{508046F6-68B4-40C8-ACDE-6D34EF0B571A}.Release|x64.Build.0 = Release|x64
		{508046F6-68B4-40C8-ACDE-6D34EF0B571A}.Release|x86.ActiveCfg = Release|x86
		{508046F6-68B4-40C8-ACDE-6D34EF0B571A}.Release|x86.Build.0 = Release|x86
		{BA05F924-F6B6-42C7-8F07-66E3FD47BA3B}.Debug|Any CPU.ActiveCfg = Debug|Any CPU
		{BA05F924-F6B6-42C7-8F07-66E3FD47BA3B}.Debug|Any CPU.Build.0 = Debug|Any CPU
		{BA05F924-F6B6-42C7-8F07-66E3FD47BA3B}.Debug|ARM.ActiveCfg = Debug|Any CPU
		{BA05F924-F6B6-42C7-8F07-66E3FD47BA3B}.Debug|ARM.Build.0 = Debug|Any CPU
		{BA05F924-F6B6-42C7-8F07-66E3FD47BA3B}.Debug|x64.ActiveCfg = Debug|Any CPU
		{BA05F924-F6B6-42C7-8F07-66E3FD47BA3B}.Debug|x64.Build.0 = Debug|Any CPU
		{BA05F924-F6B6-42C7-8F07-66E3FD47BA3B}.Debug|x86.ActiveCfg = Debug|Any CPU
		{BA05F924-F6B6-42C7-8F07-66E3FD47BA3B}.Debug|x86.Build.0 = Debug|Any CPU
		{BA05F924-F6B6-42C7-8F07-66E3FD47BA3B}.Release|Any CPU.ActiveCfg = Release|Any CPU
		{BA05F924-F6B6-42C7-8F07-66E3FD47BA3B}.Release|Any CPU.Build.0 = Release|Any CPU
		{BA05F924-F6B6-42C7-8F07-66E3FD47BA3B}.Release|ARM.ActiveCfg = Release|Any CPU
		{BA05F924-F6B6-42C7-8F07-66E3FD47BA3B}.Release|ARM.Build.0 = Release|Any CPU
		{BA05F924-F6B6-42C7-8F07-66E3FD47BA3B}.Release|x64.ActiveCfg = Release|Any CPU
		{BA05F924-F6B6-42C7-8F07-66E3FD47BA3B}.Release|x64.Build.0 = Release|Any CPU
		{BA05F924-F6B6-42C7-8F07-66E3FD47BA3B}.Release|x86.ActiveCfg = Release|Any CPU
		{BA05F924-F6B6-42C7-8F07-66E3FD47BA3B}.Release|x86.Build.0 = Release|Any CPU
		{06DA4703-E71F-496E-804F-AA196885D5B0}.Debug|Any CPU.ActiveCfg = Debug|x86
		{06DA4703-E71F-496E-804F-AA196885D5B0}.Debug|ARM.ActiveCfg = Debug|ARM
		{06DA4703-E71F-496E-804F-AA196885D5B0}.Debug|ARM.Build.0 = Debug|ARM
		{06DA4703-E71F-496E-804F-AA196885D5B0}.Debug|ARM.Deploy.0 = Debug|ARM
		{06DA4703-E71F-496E-804F-AA196885D5B0}.Debug|x64.ActiveCfg = Debug|x64
		{06DA4703-E71F-496E-804F-AA196885D5B0}.Debug|x64.Build.0 = Debug|x64
		{06DA4703-E71F-496E-804F-AA196885D5B0}.Debug|x64.Deploy.0 = Debug|x64
		{06DA4703-E71F-496E-804F-AA196885D5B0}.Debug|x86.ActiveCfg = Debug|x86
		{06DA4703-E71F-496E-804F-AA196885D5B0}.Debug|x86.Build.0 = Debug|x86
		{06DA4703-E71F-496E-804F-AA196885D5B0}.Debug|x86.Deploy.0 = Debug|x86
		{06DA4703-E71F-496E-804F-AA196885D5B0}.Release|Any CPU.ActiveCfg = Release|x86
		{06DA4703-E71F-496E-804F-AA196885D5B0}.Release|ARM.ActiveCfg = Release|ARM
		{06DA4703-E71F-496E-804F-AA196885D5B0}.Release|ARM.Build.0 = Release|ARM
		{06DA4703-E71F-496E-804F-AA196885D5B0}.Release|ARM.Deploy.0 = Release|ARM
		{06DA4703-E71F-496E-804F-AA196885D5B0}.Release|x64.ActiveCfg = Release|x64
		{06DA4703-E71F-496E-804F-AA196885D5B0}.Release|x64.Build.0 = Release|x64
		{06DA4703-E71F-496E-804F-AA196885D5B0}.Release|x64.Deploy.0 = Release|x64
		{06DA4703-E71F-496E-804F-AA196885D5B0}.Release|x86.ActiveCfg = Release|x86
		{06DA4703-E71F-496E-804F-AA196885D5B0}.Release|x86.Build.0 = Release|x86
		{06DA4703-E71F-496E-804F-AA196885D5B0}.Release|x86.Deploy.0 = Release|x86
	EndGlobalSection
	GlobalSection(SolutionProperties) = preSolution
		HideSolutionNode = FALSE
	EndGlobalSection
EndGlobal
